
Microsoft Visual Studio Solution File, Format Version 12.00
# Visual Studio Version 17
VisualStudioVersion = 17.14.36310.24 d17.14
MinimumVisualStudioVersion = 10.0.40219.1
Project("{FAE04EC0-301F-11D3-BF4B-00C04F79EFBC}") = "AbstarctEx2", "AbstarctEx2\AbstarctEx2.csproj", "{4689123B-29F7-4BFF-AF0E-2B0B106C99DF}"
EndProject
Global
	GlobalSection(SolutionConfigurationPlatforms) = preSolution
		Debug|Any CPU = Debug|Any CPU
		Release|Any CPU = Release|Any CPU
	EndGlobalSection
	GlobalSection(ProjectConfigurationPlatforms) = postSolution
		{4689123B-29F7-4BFF-AF0E-2B0B106C99DF}.Debug|Any CPU.ActiveCfg = Debug|Any CPU
		{4689123B-29F7-4BFF-AF0E-2B0B106C99DF}.Debug|Any CPU.Build.0 = Debug|Any CPU
		{4689123B-29F7-4BFF-AF0E-2B0B106C99DF}.Release|Any CPU.ActiveCfg = Release|Any CPU
		{4689123B-29F7-4BFF-AF0E-2B0B106C99DF}.Release|Any CPU.Build.0 = Release|Any CPU
	EndGlobalSection
	GlobalSection(SolutionProperties) = preSolution
		HideSolutionNode = FALSE
	EndGlobalSection
	GlobalSection(ExtensibilityGlobals) = postSolution
		SolutionGuid = {910065DE-FC50-4696-ABD6-547B686FDA24}
	EndGlobalSection
EndGlobal
