
Microsoft Visual Studio Solution File, Format Version 12.00
# Visual Studio Version 17
VisualStudioVersion = 17.14.36310.24 d17.14
MinimumVisualStudioVersion = 10.0.40219.1
Project("{FAE04EC0-301F-11D3-BF4B-00C04F79EFBC}") = "LambdaDemos", "LambdaDemos\LambdaDemos.csproj", "{BBCA7D72-E83F-4142-9187-21C43F904AF9}"
EndProject
Global
	GlobalSection(SolutionConfigurationPlatforms) = preSolution
		Debug|Any CPU = Debug|Any CPU
		Release|Any CPU = Release|Any CPU
	EndGlobalSection
	GlobalSection(ProjectConfigurationPlatforms) = postSolution
		{BBCA7D72-E83F-4142-9187-21C43F904AF9}.Debug|Any CPU.ActiveCfg = Debug|Any CPU
		{BBCA7D72-E83F-4142-9187-21C43F904AF9}.Debug|Any CPU.Build.0 = Debug|Any CPU
		{BBCA7D72-E83F-4142-9187-21C43F904AF9}.Release|Any CPU.ActiveCfg = Release|Any CPU
		{BBCA7D72-E83F-4142-9187-21C43F904AF9}.Release|Any CPU.Build.0 = Release|Any CPU
	EndGlobalSection
	GlobalSection(SolutionProperties) = preSolution
		HideSolutionNode = FALSE
	EndGlobalSection
	GlobalSection(ExtensibilityGlobals) = postSolution
		SolutionGuid = {2EA72A27-61BF-499E-8AE4-4E256D0A1B73}
	EndGlobalSection
EndGlobal
