
Microsoft Visual Studio Solution File, Format Version 12.00
# Visual Studio Version 17
VisualStudioVersion = 17.14.36310.24 d17.14
MinimumVisualStudioVersion = 10.0.40219.1
Project("{FAE04EC0-301F-11D3-BF4B-00C04F79EFBC}") = "LspWithout", "LspWithout\LspWithout.csproj", "{178C0E4A-97BD-4FAB-BEE1-68287F105740}"
EndProject
Project("{FAE04EC0-301F-11D3-BF4B-00C04F79EFBC}") = "LspWith", "..\LspWith\LspWith.csproj", "{2C8A00C1-CB34-4790-9F93-0504FE546492}"
EndProject
Global
	GlobalSection(SolutionConfigurationPlatforms) = preSolution
		Debug|Any CPU = Debug|Any CPU
		Release|Any CPU = Release|Any CPU
	EndGlobalSection
	GlobalSection(ProjectConfigurationPlatforms) = postSolution
		{178C0E4A-97BD-4FAB-BEE1-68287F105740}.Debug|Any CPU.ActiveCfg = Debug|Any CPU
		{178C0E4A-97BD-4FAB-BEE1-68287F105740}.Debug|Any CPU.Build.0 = Debug|Any CPU
		{178C0E4A-97BD-4FAB-BEE1-68287F105740}.Release|Any CPU.ActiveCfg = Release|Any CPU
		{178C0E4A-97BD-4FAB-BEE1-68287F105740}.Release|Any CPU.Build.0 = Release|Any CPU
		{2C8A00C1-CB34-4790-9F93-0504FE546492}.Debug|Any CPU.ActiveCfg = Debug|Any CPU
		{2C8A00C1-CB34-4790-9F93-0504FE546492}.Debug|Any CPU.Build.0 = Debug|Any CPU
		{2C8A00C1-CB34-4790-9F93-0504FE546492}.Release|Any CPU.ActiveCfg = Release|Any CPU
		{2C8A00C1-CB34-4790-9F93-0504FE546492}.Release|Any CPU.Build.0 = Release|Any CPU
	EndGlobalSection
	GlobalSection(SolutionProperties) = preSolution
		HideSolutionNode = FALSE
	EndGlobalSection
	GlobalSection(ExtensibilityGlobals) = postSolution
		SolutionGuid = {81924592-8413-45D8-A2F2-8B8A39E210E2}
	EndGlobalSection
EndGlobal
