
Microsoft Visual Studio Solution File, Format Version 12.00
# Visual Studio Version 17
VisualStudioVersion = 17.14.36310.24 d17.14
MinimumVisualStudioVersion = 10.0.40219.1
Project("{FAE04EC0-301F-11D3-BF4B-00C04F79EFBC}") = "CalculationLibrary", "CalculationLibrary\CalculationLibrary.csproj", "{B3DEDC30-6599-45DF-821B-29A9FEEA357B}"
EndProject
Project("{FAE04EC0-301F-11D3-BF4B-00C04F79EFBC}") = "CalculationClient", "CalculationClient\CalculationClient.csproj", "{D27C4E0D-6F02-4E6A-AD50-FFCA96FFB562}"
EndProject
Global
	GlobalSection(SolutionConfigurationPlatforms) = preSolution
		Debug|Any CPU = Debug|Any CPU
		Release|Any CPU = Release|Any CPU
	EndGlobalSection
	GlobalSection(ProjectConfigurationPlatforms) = postSolution
		{B3DEDC30-6599-45DF-821B-29A9FEEA357B}.Debug|Any CPU.ActiveCfg = Debug|Any CPU
		{B3DEDC30-6599-45DF-821B-29A9FEEA357B}.Debug|Any CPU.Build.0 = Debug|Any CPU
		{B3DEDC30-6599-45DF-821B-29A9FEEA357B}.Release|Any CPU.ActiveCfg = Release|Any CPU
		{B3DEDC30-6599-45DF-821B-29A9FEEA357B}.Release|Any CPU.Build.0 = Release|Any CPU
		{D27C4E0D-6F02-4E6A-AD50-FFCA96FFB562}.Debug|Any CPU.ActiveCfg = Debug|Any CPU
		{D27C4E0D-6F02-4E6A-AD50-FFCA96FFB562}.Debug|Any CPU.Build.0 = Debug|Any CPU
		{D27C4E0D-6F02-4E6A-AD50-FFCA96FFB562}.Release|Any CPU.ActiveCfg = Release|Any CPU
		{D27C4E0D-6F02-4E6A-AD50-FFCA96FFB562}.Release|Any CPU.Build.0 = Release|Any CPU
	EndGlobalSection
	GlobalSection(SolutionProperties) = preSolution
		HideSolutionNode = FALSE
	EndGlobalSection
	GlobalSection(ExtensibilityGlobals) = postSolution
		SolutionGuid = {A126F27F-5395-440B-8A88-0087EA50FDAD}
	EndGlobalSection
EndGlobal
